// !$*UTF8*$!
{
	archiveVersion = 1;
	classes = {
	};
	objectVersion = 46;
	objects = {

/* Begin PBXBuildFile section */
		9B3D7224198FC77D001D45FC /* FUIAlertView.m in Sources */ = {isa = PBXBuildFile; fileRef = 9B3D71FB198FC77D001D45FC /* FUIAlertView.m */; };
		9B3D7225198FC77D001D45FC /* FUIButton.m in Sources */ = {isa = PBXBuildFile; fileRef = 9B3D71FD198FC77D001D45FC /* FUIButton.m */; };
		9B3D7226198FC77D001D45FC /* FUICellBackgroundView.m in Sources */ = {isa = PBXBuildFile; fileRef = 9B3D71FF198FC77D001D45FC /* FUICellBackgroundView.m */; };
		9B3D7227198FC77D001D45FC /* FUIPopoverBackgroundView.m in Sources */ = {isa = PBXBuildFile; fileRef = 9B3D7201198FC77D001D45FC /* FUIPopoverBackgroundView.m */; };
		9B3D7228198FC77D001D45FC /* FUISegmentedControl.m in Sources */ = {isa = PBXBuildFile; fileRef = 9B3D7203198FC77D001D45FC /* FUISegmentedControl.m */; };
		9B3D7229198FC77D001D45FC /* FUISwitch.m in Sources */ = {isa = PBXBuildFile; fileRef = 9B3D7205198FC77D001D45FC /* FUISwitch.m */; };
		9B3D722A198FC77D001D45FC /* FUITextField.m in Sources */ = {isa = PBXBuildFile; fileRef = 9B3D7207198FC77D001D45FC /* FUITextField.m */; };
		9B3D722B198FC77D001D45FC /* Lato-Bold.ttf in Resources */ = {isa = PBXBuildFile; fileRef = 9B3D7208198FC77D001D45FC /* Lato-Bold.ttf */; };
		9B3D722C198FC77D001D45FC /* Lato-Italic.ttf in Resources */ = {isa = PBXBuildFile; fileRef = 9B3D7209198FC77D001D45FC /* Lato-Italic.ttf */; };
		9B3D722D198FC77D001D45FC /* Lato-Light.ttf in Resources */ = {isa = PBXBuildFile; fileRef = 9B3D720A198FC77D001D45FC /* Lato-Light.ttf */; };
		9B3D722E198FC77D001D45FC /* Lato-Regular.ttf in Resources */ = {isa = PBXBuildFile; fileRef = 9B3D720B198FC77D001D45FC /* Lato-Regular.ttf */; };
		9B3D722F198FC77D001D45FC /* UIBarButtonItem+FlatUI.m in Sources */ = {isa = PBXBuildFile; fileRef = 9B3D720D198FC77D001D45FC /* UIBarButtonItem+FlatUI.m */; };
		9B3D7230198FC77D001D45FC /* UIColor+FlatUI.m in Sources */ = {isa = PBXBuildFile; fileRef = 9B3D720F198FC77D001D45FC /* UIColor+FlatUI.m */; };
		9B3D7231198FC77D001D45FC /* UIFont+FlatUI.m in Sources */ = {isa = PBXBuildFile; fileRef = 9B3D7211198FC77D001D45FC /* UIFont+FlatUI.m */; };
		9B3D7232198FC77D001D45FC /* UIImage+FlatUI.m in Sources */ = {isa = PBXBuildFile; fileRef = 9B3D7213198FC77D001D45FC /* UIImage+FlatUI.m */; };
		9B3D7233198FC77D001D45FC /* UINavigationBar+FlatUI.m in Sources */ = {isa = PBXBuildFile; fileRef = 9B3D7215198FC77D001D45FC /* UINavigationBar+FlatUI.m */; };
		9B3D7234198FC77D001D45FC /* UIPopoverController+FlatUI.m in Sources */ = {isa = PBXBuildFile; fileRef = 9B3D7217198FC77D001D45FC /* UIPopoverController+FlatUI.m */; };
		9B3D7235198FC77D001D45FC /* UIProgressView+FlatUI.m in Sources */ = {isa = PBXBuildFile; fileRef = 9B3D7219198FC77D001D45FC /* UIProgressView+FlatUI.m */; };
		9B3D7236198FC77D001D45FC /* UISlider+FlatUI.m in Sources */ = {isa = PBXBuildFile; fileRef = 9B3D721B198FC77D001D45FC /* UISlider+FlatUI.m */; };
		9B3D7237198FC77D001D45FC /* UIStepper+FlatUI.m in Sources */ = {isa = PBXBuildFile; fileRef = 9B3D721D198FC77D001D45FC /* UIStepper+FlatUI.m */; };
		9B3D7238198FC77D001D45FC /* UITabBar+FlatUI.m in Sources */ = {isa = PBXBuildFile; fileRef = 9B3D721F198FC77D001D45FC /* UITabBar+FlatUI.m */; };
		9B3D7239198FC77D001D45FC /* UITableViewCell+FlatUI.m in Sources */ = {isa = PBXBuildFile; fileRef = 9B3D7221198FC77D001D45FC /* UITableViewCell+FlatUI.m */; };
		9B3D723A198FC77D001D45FC /* UIToolbar+FlatUI.m in Sources */ = {isa = PBXBuildFile; fileRef = 9B3D7223198FC77D001D45FC /* UIToolbar+FlatUI.m */; };
		9B43C7E019991BF60088A8E5 /* GameDisplayItem.m in Sources */ = {isa = PBXBuildFile; fileRef = 9B43C7DF19991BF60088A8E5 /* GameDisplayItem.m */; };
		9B43C7E3199A140D0088A8E5 /* GameDisplaySquare.m in Sources */ = {isa = PBXBuildFile; fileRef = 9B43C7E2199A140D0088A8E5 /* GameDisplaySquare.m */; };
		9B43C7E6199A141C0088A8E5 /* GameDisplayArrow.m in Sources */ = {isa = PBXBuildFile; fileRef = 9B43C7E5199A141C0088A8E5 /* GameDisplayArrow.m */; };
		9B43C7E9199A142A0088A8E5 /* GameDisplayDot.m in Sources */ = {isa = PBXBuildFile; fileRef = 9B43C7E8199A142A0088A8E5 /* GameDisplayDot.m */; };
		9B6CEFE3198E942D004BC1E8 /* LevelNumberView.xib in Resources */ = {isa = PBXBuildFile; fileRef = 9B6CEFE2198E942D004BC1E8 /* LevelNumberView.xib */; };
		9B9D1C7C19926E0B00D9AA35 /* GameDatas.m in Sources */ = {isa = PBXBuildFile; fileRef = 9B9D1C7B19926E0B00D9AA35 /* GameDatas.m */; };
		9BCEDD6F198BCABB005FDE5C /* Foundation.framework in Frameworks */ = {isa = PBXBuildFile; fileRef = 9BCEDD6E198BCABB005FDE5C /* Foundation.framework */; };
		9BCEDD71198BCABB005FDE5C /* CoreGraphics.framework in Frameworks */ = {isa = PBXBuildFile; fileRef = 9BCEDD70198BCABB005FDE5C /* CoreGraphics.framework */; };
		9BCEDD73198BCABB005FDE5C /* UIKit.framework in Frameworks */ = {isa = PBXBuildFile; fileRef = 9BCEDD72198BCABB005FDE5C /* UIKit.framework */; };
		9BCEDD79198BCABB005FDE5C /* InfoPlist.strings in Resources */ = {isa = PBXBuildFile; fileRef = 9BCEDD77198BCABB005FDE5C /* InfoPlist.strings */; };
		9BCEDD7B198BCABB005FDE5C /* main.m in Sources */ = {isa = PBXBuildFile; fileRef = 9BCEDD7A198BCABB005FDE5C /* main.m */; };
		9BCEDD7F198BCABB005FDE5C /* AppDelegate.m in Sources */ = {isa = PBXBuildFile; fileRef = 9BCEDD7E198BCABB005FDE5C /* AppDelegate.m */; };
		9BCEDD81198BCABB005FDE5C /* Images.xcassets in Resources */ = {isa = PBXBuildFile; fileRef = 9BCEDD80198BCABB005FDE5C /* Images.xcassets */; };
		9BCEDD88198BCABB005FDE5C /* XCTest.framework in Frameworks */ = {isa = PBXBuildFile; fileRef = 9BCEDD87198BCABB005FDE5C /* XCTest.framework */; };
		9BCEDD89198BCABB005FDE5C /* Foundation.framework in Frameworks */ = {isa = PBXBuildFile; fileRef = 9BCEDD6E198BCABB005FDE5C /* Foundation.framework */; };
		9BCEDD8A198BCABB005FDE5C /* UIKit.framework in Frameworks */ = {isa = PBXBuildFile; fileRef = 9BCEDD72198BCABB005FDE5C /* UIKit.framework */; };
		9BCEDD92198BCABB005FDE5C /* InfoPlist.strings in Resources */ = {isa = PBXBuildFile; fileRef = 9BCEDD90198BCABB005FDE5C /* InfoPlist.strings */; };
		9BCEDD94198BCABB005FDE5C /* TEST_CubesGameTests.m in Sources */ = {isa = PBXBuildFile; fileRef = 9BCEDD93198BCABB005FDE5C /* TEST_CubesGameTests.m */; };
		9BCEDDA0198BCAE6005FDE5C /* MainViewController.m in Sources */ = {isa = PBXBuildFile; fileRef = 9BCEDD9E198BCAE6005FDE5C /* MainViewController.m */; };
		9BCEDDA6198BCCBA005FDE5C /* icon114.png in Resources */ = {isa = PBXBuildFile; fileRef = 9BCEDDA3198BCCBA005FDE5C /* icon114.png */; };
		9BCEDDA7198BCCBA005FDE5C /* icon120.png in Resources */ = {isa = PBXBuildFile; fileRef = 9BCEDDA4198BCCBA005FDE5C /* icon120.png */; };
		9BCEDDA8198BCCBA005FDE5C /* icon57.png in Resources */ = {isa = PBXBuildFile; fileRef = 9BCEDDA5198BCCBA005FDE5C /* icon57.png */; };
		9BCEDDAD198BCEFE005FDE5C /* Default.png in Resources */ = {isa = PBXBuildFile; fileRef = 9BCEDDAA198BCEFE005FDE5C /* Default.png */; };
		9BCEDDAE198BCEFE005FDE5C /* Default-568h@2x.png in Resources */ = {isa = PBXBuildFile; fileRef = 9BCEDDAB198BCEFE005FDE5C /* Default-568h@2x.png */; };
		9BCEDDAF198BCEFE005FDE5C /* Default~iphone.png in Resources */ = {isa = PBXBuildFile; fileRef = 9BCEDDAC198BCEFE005FDE5C /* Default~iphone.png */; };
		9BCEDDB3198BD430005FDE5C /* LevelViewController.m in Sources */ = {isa = PBXBuildFile; fileRef = 9BCEDDB1198BD430005FDE5C /* LevelViewController.m */; };
		9BCEDDB8198BD43E005FDE5C /* GameViewController.m in Sources */ = {isa = PBXBuildFile; fileRef = 9BCEDDB6198BD43E005FDE5C /* GameViewController.m */; };
		9BCEDDBC198BDA0B005FDE5C /* LevelNumberView.m in Sources */ = {isa = PBXBuildFile; fileRef = 9BCEDDBB198BDA0B005FDE5C /* LevelNumberView.m */; };
		9BCEDDBE198BDF4F005FDE5C /* levels.plist in Resources */ = {isa = PBXBuildFile; fileRef = 9BCEDDBD198BDF4F005FDE5C /* levels.plist */; };
/* End PBXBuildFile section */

/* Begin PBXContainerItemProxy section */
		9BCEDD8B198BCABB005FDE5C /* PBXContainerItemProxy */ = {
			isa = PBXContainerItemProxy;
			containerPortal = 9BCEDD63198BCABB005FDE5C /* Project object */;
			proxyType = 1;
			remoteGlobalIDString = 9BCEDD6A198BCABB005FDE5C;
			remoteInfo = TEST_CubesGame;
		};
/* End PBXContainerItemProxy section */

/* Begin PBXFileReference section */
		9B3D71F9198FC77D001D45FC /* FlatUIKit.h */ = {isa = PBXFileReference; fileEncoding = 4; lastKnownFileType = sourcecode.c.h; path = FlatUIKit.h; sourceTree = "<group>"; };
		9B3D71FA198FC77D001D45FC /* FUIAlertView.h */ = {isa = PBXFileReference; fileEncoding = 4; lastKnownFileType = sourcecode.c.h; path = FUIAlertView.h; sourceTree = "<group>"; };
		9B3D71FB198FC77D001D45FC /* FUIAlertView.m */ = {isa = PBXFileReference; fileEncoding = 4; lastKnownFileType = sourcecode.c.objc; path = FUIAlertView.m; sourceTree = "<group>"; };
		9B3D71FC198FC77D001D45FC /* FUIButton.h */ = {isa = PBXFileReference; fileEncoding = 4; lastKnownFileType = sourcecode.c.h; path = FUIButton.h; sourceTree = "<group>"; };
		9B3D71FD198FC77D001D45FC /* FUIButton.m */ = {isa = PBXFileReference; fileEncoding = 4; lastKnownFileType = sourcecode.c.objc; path = FUIButton.m; sourceTree = "<group>"; };
		9B3D71FE198FC77D001D45FC /* FUICellBackgroundView.h */ = {isa = PBXFileReference; fileEncoding = 4; lastKnownFileType = sourcecode.c.h; path = FUICellBackgroundView.h; sourceTree = "<group>"; };
		9B3D71FF198FC77D001D45FC /* FUICellBackgroundView.m */ = {isa = PBXFileReference; fileEncoding = 4; lastKnownFileType = sourcecode.c.objc; path = FUICellBackgroundView.m; sourceTree = "<group>"; };
		9B3D7200198FC77D001D45FC /* FUIPopoverBackgroundView.h */ = {isa = PBXFileReference; fileEncoding = 4; lastKnownFileType = sourcecode.c.h; path = FUIPopoverBackgroundView.h; sourceTree = "<group>"; };
		9B3D7201198FC77D001D45FC /* FUIPopoverBackgroundView.m */ = {isa = PBXFileReference; fileEncoding = 4; lastKnownFileType = sourcecode.c.objc; path = FUIPopoverBackgroundView.m; sourceTree = "<group>"; };
		9B3D7202198FC77D001D45FC /* FUISegmentedControl.h */ = {isa = PBXFileReference; fileEncoding = 4; lastKnownFileType = sourcecode.c.h; path = FUISegmentedControl.h; sourceTree = "<group>"; };
		9B3D7203198FC77D001D45FC /* FUISegmentedControl.m */ = {isa = PBXFileReference; fileEncoding = 4; lastKnownFileType = sourcecode.c.objc; path = FUISegmentedControl.m; sourceTree = "<group>"; };
		9B3D7204198FC77D001D45FC /* FUISwitch.h */ = {isa = PBXFileReference; fileEncoding = 4; lastKnownFileType = sourcecode.c.h; path = FUISwitch.h; sourceTree = "<group>"; };
		9B3D7205198FC77D001D45FC /* FUISwitch.m */ = {isa = PBXFileReference; fileEncoding = 4; lastKnownFileType = sourcecode.c.objc; path = FUISwitch.m; sourceTree = "<group>"; };
		9B3D7206198FC77D001D45FC /* FUITextField.h */ = {isa = PBXFileReference; fileEncoding = 4; lastKnownFileType = sourcecode.c.h; path = FUITextField.h; sourceTree = "<group>"; };
		9B3D7207198FC77D001D45FC /* FUITextField.m */ = {isa = PBXFileReference; fileEncoding = 4; lastKnownFileType = sourcecode.c.objc; path = FUITextField.m; sourceTree = "<group>"; };
		9B3D7208198FC77D001D45FC /* Lato-Bold.ttf */ = {isa = PBXFileReference; lastKnownFileType = file; path = "Lato-Bold.ttf"; sourceTree = "<group>"; };
		9B3D7209198FC77D001D45FC /* Lato-Italic.ttf */ = {isa = PBXFileReference; lastKnownFileType = file; path = "Lato-Italic.ttf"; sourceTree = "<group>"; };
		9B3D720A198FC77D001D45FC /* Lato-Light.ttf */ = {isa = PBXFileReference; lastKnownFileType = file; path = "Lato-Light.ttf"; sourceTree = "<group>"; };
		9B3D720B198FC77D001D45FC /* Lato-Regular.ttf */ = {isa = PBXFileReference; lastKnownFileType = file; path = "Lato-Regular.ttf"; sourceTree = "<group>"; };
		9B3D720C198FC77D001D45FC /* UIBarButtonItem+FlatUI.h */ = {isa = PBXFileReference; fileEncoding = 4; lastKnownFileType = sourcecode.c.h; path = "UIBarButtonItem+FlatUI.h"; sourceTree = "<group>"; };
		9B3D720D198FC77D001D45FC /* UIBarButtonItem+FlatUI.m */ = {isa = PBXFileReference; fileEncoding = 4; lastKnownFileType = sourcecode.c.objc; path = "UIBarButtonItem+FlatUI.m"; sourceTree = "<group>"; };
		9B3D720E198FC77D001D45FC /* UIColor+FlatUI.h */ = {isa = PBXFileReference; fileEncoding = 4; lastKnownFileType = sourcecode.c.h; path = "UIColor+FlatUI.h"; sourceTree = "<group>"; };
		9B3D720F198FC77D001D45FC /* UIColor+FlatUI.m */ = {isa = PBXFileReference; fileEncoding = 4; lastKnownFileType = sourcecode.c.objc; path = "UIColor+FlatUI.m"; sourceTree = "<group>"; };
		9B3D7210198FC77D001D45FC /* UIFont+FlatUI.h */ = {isa = PBXFileReference; fileEncoding = 4; lastKnownFileType = sourcecode.c.h; path = "UIFont+FlatUI.h"; sourceTree = "<group>"; };
		9B3D7211198FC77D001D45FC /* UIFont+FlatUI.m */ = {isa = PBXFileReference; fileEncoding = 4; lastKnownFileType = sourcecode.c.objc; path = "UIFont+FlatUI.m"; sourceTree = "<group>"; };
		9B3D7212198FC77D001D45FC /* UIImage+FlatUI.h */ = {isa = PBXFileReference; fileEncoding = 4; lastKnownFileType = sourcecode.c.h; path = "UIImage+FlatUI.h"; sourceTree = "<group>"; };
		9B3D7213198FC77D001D45FC /* UIImage+FlatUI.m */ = {isa = PBXFileReference; fileEncoding = 4; lastKnownFileType = sourcecode.c.objc; path = "UIImage+FlatUI.m"; sourceTree = "<group>"; };
		9B3D7214198FC77D001D45FC /* UINavigationBar+FlatUI.h */ = {isa = PBXFileReference; fileEncoding = 4; lastKnownFileType = sourcecode.c.h; path = "UINavigationBar+FlatUI.h"; sourceTree = "<group>"; };
		9B3D7215198FC77D001D45FC /* UINavigationBar+FlatUI.m */ = {isa = PBXFileReference; fileEncoding = 4; lastKnownFileType = sourcecode.c.objc; path = "UINavigationBar+FlatUI.m"; sourceTree = "<group>"; };
		9B3D7216198FC77D001D45FC /* UIPopoverController+FlatUI.h */ = {isa = PBXFileReference; fileEncoding = 4; lastKnownFileType = sourcecode.c.h; path = "UIPopoverController+FlatUI.h"; sourceTree = "<group>"; };
		9B3D7217198FC77D001D45FC /* UIPopoverController+FlatUI.m */ = {isa = PBXFileReference; fileEncoding = 4; lastKnownFileType = sourcecode.c.objc; path = "UIPopoverController+FlatUI.m"; sourceTree = "<group>"; };
		9B3D7218198FC77D001D45FC /* UIProgressView+FlatUI.h */ = {isa = PBXFileReference; fileEncoding = 4; lastKnownFileType = sourcecode.c.h; path = "UIProgressView+FlatUI.h"; sourceTree = "<group>"; };
		9B3D7219198FC77D001D45FC /* UIProgressView+FlatUI.m */ = {isa = PBXFileReference; fileEncoding = 4; lastKnownFileType = sourcecode.c.objc; path = "UIProgressView+FlatUI.m"; sourceTree = "<group>"; };
		9B3D721A198FC77D001D45FC /* UISlider+FlatUI.h */ = {isa = PBXFileReference; fileEncoding = 4; lastKnownFileType = sourcecode.c.h; path = "UISlider+FlatUI.h"; sourceTree = "<group>"; };
		9B3D721B198FC77D001D45FC /* UISlider+FlatUI.m */ = {isa = PBXFileReference; fileEncoding = 4; lastKnownFileType = sourcecode.c.objc; path = "UISlider+FlatUI.m"; sourceTree = "<group>"; };
		9B3D721C198FC77D001D45FC /* UIStepper+FlatUI.h */ = {isa = PBXFileReference; fileEncoding = 4; lastKnownFileType = sourcecode.c.h; path = "UIStepper+FlatUI.h"; sourceTree = "<group>"; };
		9B3D721D198FC77D001D45FC /* UIStepper+FlatUI.m */ = {isa = PBXFileReference; fileEncoding = 4; lastKnownFileType = sourcecode.c.objc; path = "UIStepper+FlatUI.m"; sourceTree = "<group>"; };
		9B3D721E198FC77D001D45FC /* UITabBar+FlatUI.h */ = {isa = PBXFileReference; fileEncoding = 4; lastKnownFileType = sourcecode.c.h; path = "UITabBar+FlatUI.h"; sourceTree = "<group>"; };
		9B3D721F198FC77D001D45FC /* UITabBar+FlatUI.m */ = {isa = PBXFileReference; fileEncoding = 4; lastKnownFileType = sourcecode.c.objc; path = "UITabBar+FlatUI.m"; sourceTree = "<group>"; };
		9B3D7220198FC77D001D45FC /* UITableViewCell+FlatUI.h */ = {isa = PBXFileReference; fileEncoding = 4; lastKnownFileType = sourcecode.c.h; path = "UITableViewCell+FlatUI.h"; sourceTree = "<group>"; };
		9B3D7221198FC77D001D45FC /* UITableViewCell+FlatUI.m */ = {isa = PBXFileReference; fileEncoding = 4; lastKnownFileType = sourcecode.c.objc; path = "UITableViewCell+FlatUI.m"; sourceTree = "<group>"; };
		9B3D7222198FC77D001D45FC /* UIToolbar+FlatUI.h */ = {isa = PBXFileReference; fileEncoding = 4; lastKnownFileType = sourcecode.c.h; path = "UIToolbar+FlatUI.h"; sourceTree = "<group>"; };
		9B3D7223198FC77D001D45FC /* UIToolbar+FlatUI.m */ = {isa = PBXFileReference; fileEncoding = 4; lastKnownFileType = sourcecode.c.objc; path = "UIToolbar+FlatUI.m"; sourceTree = "<group>"; };
		9B3D723C198FCB84001D45FC /* FlatUIKit.h */ = {isa = PBXFileReference; lastKnownFileType = sourcecode.c.h; path = FlatUIKit.h; sourceTree = "<group>"; };
		9B3D723D198FCB84001D45FC /* FUIAlertView.h */ = {isa = PBXFileReference; lastKnownFileType = sourcecode.c.h; path = FUIAlertView.h; sourceTree = "<group>"; };
		9B3D723E198FCB84001D45FC /* FUIAlertView.m */ = {isa = PBXFileReference; lastKnownFileType = sourcecode.c.objc; path = FUIAlertView.m; sourceTree = "<group>"; };
		9B3D723F198FCB84001D45FC /* FUIButton.h */ = {isa = PBXFileReference; lastKnownFileType = sourcecode.c.h; path = FUIButton.h; sourceTree = "<group>"; };
		9B3D7240198FCB84001D45FC /* FUIButton.m */ = {isa = PBXFileReference; lastKnownFileType = sourcecode.c.objc; path = FUIButton.m; sourceTree = "<group>"; };
		9B3D7241198FCB84001D45FC /* FUICellBackgroundView.h */ = {isa = PBXFileReference; lastKnownFileType = sourcecode.c.h; path = FUICellBackgroundView.h; sourceTree = "<group>"; };
		9B3D7242198FCB84001D45FC /* FUICellBackgroundView.m */ = {isa = PBXFileReference; lastKnownFileType = sourcecode.c.objc; path = FUICellBackgroundView.m; sourceTree = "<group>"; };
		9B3D7243198FCB84001D45FC /* FUIPopoverBackgroundView.h */ = {isa = PBXFileReference; lastKnownFileType = sourcecode.c.h; path = FUIPopoverBackgroundView.h; sourceTree = "<group>"; };
		9B3D7244198FCB84001D45FC /* FUIPopoverBackgroundView.m */ = {isa = PBXFileReference; lastKnownFileType = sourcecode.c.objc; path = FUIPopoverBackgroundView.m; sourceTree = "<group>"; };
		9B3D7245198FCB84001D45FC /* FUISegmentedControl.h */ = {isa = PBXFileReference; lastKnownFileType = sourcecode.c.h; path = FUISegmentedControl.h; sourceTree = "<group>"; };
		9B3D7246198FCB84001D45FC /* FUISegmentedControl.m */ = {isa = PBXFileReference; lastKnownFileType = sourcecode.c.objc; path = FUISegmentedControl.m; sourceTree = "<group>"; };
		9B3D7247198FCB84001D45FC /* FUISwitch.h */ = {isa = PBXFileReference; lastKnownFileType = sourcecode.c.h; path = FUISwitch.h; sourceTree = "<group>"; };
		9B3D7248198FCB84001D45FC /* FUISwitch.m */ = {isa = PBXFileReference; lastKnownFileType = sourcecode.c.objc; path = FUISwitch.m; sourceTree = "<group>"; };
		9B3D7249198FCB84001D45FC /* FUITextField.h */ = {isa = PBXFileReference; lastKnownFileType = sourcecode.c.h; path = FUITextField.h; sourceTree = "<group>"; };
		9B3D724A198FCB84001D45FC /* FUITextField.m */ = {isa = PBXFileReference; lastKnownFileType = sourcecode.c.objc; path = FUITextField.m; sourceTree = "<group>"; };
		9B3D724B198FCB84001D45FC /* Lato-Bold.ttf */ = {isa = PBXFileReference; lastKnownFileType = file; path = "Lato-Bold.ttf"; sourceTree = "<group>"; };
		9B3D724C198FCB84001D45FC /* Lato-Italic.ttf */ = {isa = PBXFileReference; lastKnownFileType = file; path = "Lato-Italic.ttf"; sourceTree = "<group>"; };
		9B3D724D198FCB84001D45FC /* Lato-Light.ttf */ = {isa = PBXFileReference; lastKnownFileType = file; path = "Lato-Light.ttf"; sourceTree = "<group>"; };
		9B3D724E198FCB84001D45FC /* Lato-Regular.ttf */ = {isa = PBXFileReference; lastKnownFileType = file; path = "Lato-Regular.ttf"; sourceTree = "<group>"; };
		9B3D724F198FCB84001D45FC /* UIBarButtonItem+FlatUI.h */ = {isa = PBXFileReference; lastKnownFileType = sourcecode.c.h; path = "UIBarButtonItem+FlatUI.h"; sourceTree = "<group>"; };
		9B3D7250198FCB84001D45FC /* UIBarButtonItem+FlatUI.m */ = {isa = PBXFileReference; lastKnownFileType = sourcecode.c.objc; path = "UIBarButtonItem+FlatUI.m"; sourceTree = "<group>"; };
		9B3D7251198FCB84001D45FC /* UIColor+FlatUI.h */ = {isa = PBXFileReference; lastKnownFileType = sourcecode.c.h; path = "UIColor+FlatUI.h"; sourceTree = "<group>"; };
		9B3D7252198FCB84001D45FC /* UIColor+FlatUI.m */ = {isa = PBXFileReference; lastKnownFileType = sourcecode.c.objc; path = "UIColor+FlatUI.m"; sourceTree = "<group>"; };
		9B3D7253198FCB84001D45FC /* UIFont+FlatUI.h */ = {isa = PBXFileReference; lastKnownFileType = sourcecode.c.h; path = "UIFont+FlatUI.h"; sourceTree = "<group>"; };
		9B3D7254198FCB84001D45FC /* UIFont+FlatUI.m */ = {isa = PBXFileReference; lastKnownFileType = sourcecode.c.objc; path = "UIFont+FlatUI.m"; sourceTree = "<group>"; };
		9B3D7255198FCB84001D45FC /* UIImage+FlatUI.h */ = {isa = PBXFileReference; lastKnownFileType = sourcecode.c.h; path = "UIImage+FlatUI.h"; sourceTree = "<group>"; };
		9B3D7256198FCB84001D45FC /* UIImage+FlatUI.m */ = {isa = PBXFileReference; lastKnownFileType = sourcecode.c.objc; path = "UIImage+FlatUI.m"; sourceTree = "<group>"; };
		9B3D7257198FCB84001D45FC /* UINavigationBar+FlatUI.h */ = {isa = PBXFileReference; lastKnownFileType = sourcecode.c.h; path = "UINavigationBar+FlatUI.h"; sourceTree = "<group>"; };
		9B3D7258198FCB84001D45FC /* UINavigationBar+FlatUI.m */ = {isa = PBXFileReference; lastKnownFileType = sourcecode.c.objc; path = "UINavigationBar+FlatUI.m"; sourceTree = "<group>"; };
		9B3D7259198FCB84001D45FC /* UIPopoverController+FlatUI.h */ = {isa = PBXFileReference; lastKnownFileType = sourcecode.c.h; path = "UIPopoverController+FlatUI.h"; sourceTree = "<group>"; };
		9B3D725A198FCB84001D45FC /* UIPopoverController+FlatUI.m */ = {isa = PBXFileReference; lastKnownFileType = sourcecode.c.objc; path = "UIPopoverController+FlatUI.m"; sourceTree = "<group>"; };
		9B3D725B198FCB85001D45FC /* UIProgressView+FlatUI.h */ = {isa = PBXFileReference; lastKnownFileType = sourcecode.c.h; path = "UIProgressView+FlatUI.h"; sourceTree = "<group>"; };
		9B3D725C198FCB85001D45FC /* UIProgressView+FlatUI.m */ = {isa = PBXFileReference; lastKnownFileType = sourcecode.c.objc; path = "UIProgressView+FlatUI.m"; sourceTree = "<group>"; };
		9B3D725D198FCB85001D45FC /* UISlider+FlatUI.h */ = {isa = PBXFileReference; lastKnownFileType = sourcecode.c.h; path = "UISlider+FlatUI.h"; sourceTree = "<group>"; };
		9B3D725E198FCB85001D45FC /* UISlider+FlatUI.m */ = {isa = PBXFileReference; lastKnownFileType = sourcecode.c.objc; path = "UISlider+FlatUI.m"; sourceTree = "<group>"; };
		9B3D725F198FCB85001D45FC /* UIStepper+FlatUI.h */ = {isa = PBXFileReference; lastKnownFileType = sourcecode.c.h; path = "UIStepper+FlatUI.h"; sourceTree = "<group>"; };
		9B3D7260198FCB85001D45FC /* UIStepper+FlatUI.m */ = {isa = PBXFileReference; lastKnownFileType = sourcecode.c.objc; path = "UIStepper+FlatUI.m"; sourceTree = "<group>"; };
		9B3D7261198FCB85001D45FC /* UITabBar+FlatUI.h */ = {isa = PBXFileReference; lastKnownFileType = sourcecode.c.h; path = "UITabBar+FlatUI.h"; sourceTree = "<group>"; };
		9B3D7262198FCB85001D45FC /* UITabBar+FlatUI.m */ = {isa = PBXFileReference; lastKnownFileType = sourcecode.c.objc; path = "UITabBar+FlatUI.m"; sourceTree = "<group>"; };
		9B3D7263198FCB85001D45FC /* UITableViewCell+FlatUI.h */ = {isa = PBXFileReference; lastKnownFileType = sourcecode.c.h; path = "UITableViewCell+FlatUI.h"; sourceTree = "<group>"; };
		9B3D7264198FCB85001D45FC /* UITableViewCell+FlatUI.m */ = {isa = PBXFileReference; lastKnownFileType = sourcecode.c.objc; path = "UITableViewCell+FlatUI.m"; sourceTree = "<group>"; };
		9B3D7265198FCB85001D45FC /* UIToolbar+FlatUI.h */ = {isa = PBXFileReference; lastKnownFileType = sourcecode.c.h; path = "UIToolbar+FlatUI.h"; sourceTree = "<group>"; };
		9B3D7266198FCB85001D45FC /* UIToolbar+FlatUI.m */ = {isa = PBXFileReference; lastKnownFileType = sourcecode.c.objc; path = "UIToolbar+FlatUI.m"; sourceTree = "<group>"; };
		9B43C7DE19991BF60088A8E5 /* GameDisplayItem.h */ = {isa = PBXFileReference; fileEncoding = 4; lastKnownFileType = sourcecode.c.h; path = GameDisplayItem.h; sourceTree = "<group>"; };
		9B43C7DF19991BF60088A8E5 /* GameDisplayItem.m */ = {isa = PBXFileReference; fileEncoding = 4; lastKnownFileType = sourcecode.c.objc; path = GameDisplayItem.m; sourceTree = "<group>"; };
		9B43C7E1199A140D0088A8E5 /* GameDisplaySquare.h */ = {isa = PBXFileReference; fileEncoding = 4; lastKnownFileType = sourcecode.c.h; path = GameDisplaySquare.h; sourceTree = "<group>"; };
		9B43C7E2199A140D0088A8E5 /* GameDisplaySquare.m */ = {isa = PBXFileReference; fileEncoding = 4; lastKnownFileType = sourcecode.c.objc; path = GameDisplaySquare.m; sourceTree = "<group>"; };
		9B43C7E4199A141C0088A8E5 /* GameDisplayArrow.h */ = {isa = PBXFileReference; fileEncoding = 4; lastKnownFileType = sourcecode.c.h; path = GameDisplayArrow.h; sourceTree = "<group>"; };
		9B43C7E5199A141C0088A8E5 /* GameDisplayArrow.m */ = {isa = PBXFileReference; fileEncoding = 4; lastKnownFileType = sourcecode.c.objc; path = GameDisplayArrow.m; sourceTree = "<group>"; };
		9B43C7E7199A142A0088A8E5 /* GameDisplayDot.h */ = {isa = PBXFileReference; fileEncoding = 4; lastKnownFileType = sourcecode.c.h; path = GameDisplayDot.h; sourceTree = "<group>"; };
		9B43C7E8199A142A0088A8E5 /* GameDisplayDot.m */ = {isa = PBXFileReference; fileEncoding = 4; lastKnownFileType = sourcecode.c.objc; path = GameDisplayDot.m; sourceTree = "<group>"; };
		9B6CEFE2198E942D004BC1E8 /* LevelNumberView.xib */ = {isa = PBXFileReference; fileEncoding = 4; lastKnownFileType = file.xib; path = LevelNumberView.xib; sourceTree = "<group>"; };
		9B9D1C7A19926E0B00D9AA35 /* GameDatas.h */ = {isa = PBXFileReference; fileEncoding = 4; lastKnownFileType = sourcecode.c.h; path = GameDatas.h; sourceTree = "<group>"; };
		9B9D1C7B19926E0B00D9AA35 /* GameDatas.m */ = {isa = PBXFileReference; fileEncoding = 4; lastKnownFileType = sourcecode.c.objc; path = GameDatas.m; sourceTree = "<group>"; };
		9BCEDD6B198BCABB005FDE5C /* TEST_CubesGame.app */ = {isa = PBXFileReference; explicitFileType = wrapper.application; includeInIndex = 0; path = TEST_CubesGame.app; sourceTree = BUILT_PRODUCTS_DIR; };
		9BCEDD6E198BCABB005FDE5C /* Foundation.framework */ = {isa = PBXFileReference; lastKnownFileType = wrapper.framework; name = Foundation.framework; path = System/Library/Frameworks/Foundation.framework; sourceTree = SDKROOT; };
		9BCEDD70198BCABB005FDE5C /* CoreGraphics.framework */ = {isa = PBXFileReference; lastKnownFileType = wrapper.framework; name = CoreGraphics.framework; path = System/Library/Frameworks/CoreGraphics.framework; sourceTree = SDKROOT; };
		9BCEDD72198BCABB005FDE5C /* UIKit.framework */ = {isa = PBXFileReference; lastKnownFileType = wrapper.framework; name = UIKit.framework; path = System/Library/Frameworks/UIKit.framework; sourceTree = SDKROOT; };
		9BCEDD76198BCABB005FDE5C /* TEST_CubesGame-Info.plist */ = {isa = PBXFileReference; lastKnownFileType = text.plist.xml; path = "TEST_CubesGame-Info.plist"; sourceTree = "<group>"; };
		9BCEDD78198BCABB005FDE5C /* en */ = {isa = PBXFileReference; lastKnownFileType = text.plist.strings; name = en; path = en.lproj/InfoPlist.strings; sourceTree = "<group>"; };
		9BCEDD7A198BCABB005FDE5C /* main.m */ = {isa = PBXFileReference; lastKnownFileType = sourcecode.c.objc; path = main.m; sourceTree = "<group>"; };
		9BCEDD7C198BCABB005FDE5C /* TEST_CubesGame-Prefix.pch */ = {isa = PBXFileReference; lastKnownFileType = sourcecode.c.h; path = "TEST_CubesGame-Prefix.pch"; sourceTree = "<group>"; };
		9BCEDD7D198BCABB005FDE5C /* AppDelegate.h */ = {isa = PBXFileReference; lastKnownFileType = sourcecode.c.h; path = AppDelegate.h; sourceTree = "<group>"; };
		9BCEDD7E198BCABB005FDE5C /* AppDelegate.m */ = {isa = PBXFileReference; lastKnownFileType = sourcecode.c.objc; path = AppDelegate.m; sourceTree = "<group>"; };
		9BCEDD80198BCABB005FDE5C /* Images.xcassets */ = {isa = PBXFileReference; lastKnownFileType = folder.assetcatalog; path = Images.xcassets; sourceTree = "<group>"; };
		9BCEDD86198BCABB005FDE5C /* TEST_CubesGameTests.xctest */ = {isa = PBXFileReference; explicitFileType = wrapper.cfbundle; includeInIndex = 0; path = TEST_CubesGameTests.xctest; sourceTree = BUILT_PRODUCTS_DIR; };
		9BCEDD87198BCABB005FDE5C /* XCTest.framework */ = {isa = PBXFileReference; lastKnownFileType = wrapper.framework; name = XCTest.framework; path = Library/Frameworks/XCTest.framework; sourceTree = DEVELOPER_DIR; };
		9BCEDD8F198BCABB005FDE5C /* TEST_CubesGameTests-Info.plist */ = {isa = PBXFileReference; lastKnownFileType = text.plist.xml; path = "TEST_CubesGameTests-Info.plist"; sourceTree = "<group>"; };
		9BCEDD91198BCABB005FDE5C /* en */ = {isa = PBXFileReference; lastKnownFileType = text.plist.strings; name = en; path = en.lproj/InfoPlist.strings; sourceTree = "<group>"; };
		9BCEDD93198BCABB005FDE5C /* TEST_CubesGameTests.m */ = {isa = PBXFileReference; lastKnownFileType = sourcecode.c.objc; path = TEST_CubesGameTests.m; sourceTree = "<group>"; };
		9BCEDD9D198BCAE6005FDE5C /* MainViewController.h */ = {isa = PBXFileReference; fileEncoding = 4; lastKnownFileType = sourcecode.c.h; path = MainViewController.h; sourceTree = "<group>"; };
		9BCEDD9E198BCAE6005FDE5C /* MainViewController.m */ = {isa = PBXFileReference; fileEncoding = 4; lastKnownFileType = sourcecode.c.objc; path = MainViewController.m; sourceTree = "<group>"; };
		9BCEDDA3198BCCBA005FDE5C /* icon114.png */ = {isa = PBXFileReference; lastKnownFileType = image.png; path = icon114.png; sourceTree = "<group>"; };
		9BCEDDA4198BCCBA005FDE5C /* icon120.png */ = {isa = PBXFileReference; lastKnownFileType = image.png; path = icon120.png; sourceTree = "<group>"; };
		9BCEDDA5198BCCBA005FDE5C /* icon57.png */ = {isa = PBXFileReference; lastKnownFileType = image.png; path = icon57.png; sourceTree = "<group>"; };
		9BCEDDAA198BCEFE005FDE5C /* Default.png */ = {isa = PBXFileReference; lastKnownFileType = image.png; path = Default.png; sourceTree = "<group>"; };
		9BCEDDAB198BCEFE005FDE5C /* Default-568h@2x.png */ = {isa = PBXFileReference; lastKnownFileType = image.png; path = "Default-568h@2x.png"; sourceTree = "<group>"; };
		9BCEDDAC198BCEFE005FDE5C /* Default~iphone.png */ = {isa = PBXFileReference; lastKnownFileType = image.png; path = "Default~iphone.png"; sourceTree = "<group>"; };
		9BCEDDB0198BD430005FDE5C /* LevelViewController.h */ = {isa = PBXFileReference; fileEncoding = 4; lastKnownFileType = sourcecode.c.h; path = LevelViewController.h; sourceTree = "<group>"; };
		9BCEDDB1198BD430005FDE5C /* LevelViewController.m */ = {isa = PBXFileReference; fileEncoding = 4; lastKnownFileType = sourcecode.c.objc; path = LevelViewController.m; sourceTree = "<group>"; };
		9BCEDDB5198BD43E005FDE5C /* GameViewController.h */ = {isa = PBXFileReference; fileEncoding = 4; lastKnownFileType = sourcecode.c.h; path = GameViewController.h; sourceTree = "<group>"; };
		9BCEDDB6198BD43E005FDE5C /* GameViewController.m */ = {isa = PBXFileReference; fileEncoding = 4; lastKnownFileType = sourcecode.c.objc; path = GameViewController.m; sourceTree = "<group>"; };
		9BCEDDBA198BDA0B005FDE5C /* LevelNumberView.h */ = {isa = PBXFileReference; fileEncoding = 4; lastKnownFileType = sourcecode.c.h; path = LevelNumberView.h; sourceTree = "<group>"; };
		9BCEDDBB198BDA0B005FDE5C /* LevelNumberView.m */ = {isa = PBXFileReference; fileEncoding = 4; lastKnownFileType = sourcecode.c.objc; path = LevelNumberView.m; sourceTree = "<group>"; };
		9BCEDDBD198BDF4F005FDE5C /* levels.plist */ = {isa = PBXFileReference; fileEncoding = 4; lastKnownFileType = text.plist.xml; path = levels.plist; sourceTree = "<group>"; };
/* End PBXFileReference section */

/* Begin PBXFrameworksBuildPhase section */
		9BCEDD68198BCABB005FDE5C /* Frameworks */ = {
			isa = PBXFrameworksBuildPhase;
			buildActionMask = 2147483647;
			files = (
				9BCEDD71198BCABB005FDE5C /* CoreGraphics.framework in Frameworks */,
				9BCEDD73198BCABB005FDE5C /* UIKit.framework in Frameworks */,
				9BCEDD6F198BCABB005FDE5C /* Foundation.framework in Frameworks */,
			);
			runOnlyForDeploymentPostprocessing = 0;
		};
		9BCEDD83198BCABB005FDE5C /* Frameworks */ = {
			isa = PBXFrameworksBuildPhase;
			buildActionMask = 2147483647;
			files = (
				9BCEDD88198BCABB005FDE5C /* XCTest.framework in Frameworks */,
				9BCEDD8A198BCABB005FDE5C /* UIKit.framework in Frameworks */,
				9BCEDD89198BCABB005FDE5C /* Foundation.framework in Frameworks */,
			);
			runOnlyForDeploymentPostprocessing = 0;
		};
/* End PBXFrameworksBuildPhase section */

/* Begin PBXGroup section */
		9B3D71F8198FC77D001D45FC /* FlatUI */ = {
			isa = PBXGroup;
			children = (
				9B3D71F9198FC77D001D45FC /* FlatUIKit.h */,
				9B3D71FA198FC77D001D45FC /* FUIAlertView.h */,
				9B3D71FB198FC77D001D45FC /* FUIAlertView.m */,
				9B3D71FC198FC77D001D45FC /* FUIButton.h */,
				9B3D71FD198FC77D001D45FC /* FUIButton.m */,
				9B3D71FE198FC77D001D45FC /* FUICellBackgroundView.h */,
				9B3D71FF198FC77D001D45FC /* FUICellBackgroundView.m */,
				9B3D7200198FC77D001D45FC /* FUIPopoverBackgroundView.h */,
				9B3D7201198FC77D001D45FC /* FUIPopoverBackgroundView.m */,
				9B3D7202198FC77D001D45FC /* FUISegmentedControl.h */,
				9B3D7203198FC77D001D45FC /* FUISegmentedControl.m */,
				9B3D7204198FC77D001D45FC /* FUISwitch.h */,
				9B3D7205198FC77D001D45FC /* FUISwitch.m */,
				9B3D7206198FC77D001D45FC /* FUITextField.h */,
				9B3D7207198FC77D001D45FC /* FUITextField.m */,
				9B3D7208198FC77D001D45FC /* Lato-Bold.ttf */,
				9B3D7209198FC77D001D45FC /* Lato-Italic.ttf */,
				9B3D720A198FC77D001D45FC /* Lato-Light.ttf */,
				9B3D720B198FC77D001D45FC /* Lato-Regular.ttf */,
				9B3D720C198FC77D001D45FC /* UIBarButtonItem+FlatUI.h */,
				9B3D720D198FC77D001D45FC /* UIBarButtonItem+FlatUI.m */,
				9B3D720E198FC77D001D45FC /* UIColor+FlatUI.h */,
				9B3D720F198FC77D001D45FC /* UIColor+FlatUI.m */,
				9B3D7210198FC77D001D45FC /* UIFont+FlatUI.h */,
				9B3D7211198FC77D001D45FC /* UIFont+FlatUI.m */,
				9B3D7212198FC77D001D45FC /* UIImage+FlatUI.h */,
				9B3D7213198FC77D001D45FC /* UIImage+FlatUI.m */,
				9B3D7214198FC77D001D45FC /* UINavigationBar+FlatUI.h */,
				9B3D7215198FC77D001D45FC /* UINavigationBar+FlatUI.m */,
				9B3D7216198FC77D001D45FC /* UIPopoverController+FlatUI.h */,
				9B3D7217198FC77D001D45FC /* UIPopoverController+FlatUI.m */,
				9B3D7218198FC77D001D45FC /* UIProgressView+FlatUI.h */,
				9B3D7219198FC77D001D45FC /* UIProgressView+FlatUI.m */,
				9B3D721A198FC77D001D45FC /* UISlider+FlatUI.h */,
				9B3D721B198FC77D001D45FC /* UISlider+FlatUI.m */,
				9B3D721C198FC77D001D45FC /* UIStepper+FlatUI.h */,
				9B3D721D198FC77D001D45FC /* UIStepper+FlatUI.m */,
				9B3D721E198FC77D001D45FC /* UITabBar+FlatUI.h */,
				9B3D721F198FC77D001D45FC /* UITabBar+FlatUI.m */,
				9B3D7220198FC77D001D45FC /* UITableViewCell+FlatUI.h */,
				9B3D7221198FC77D001D45FC /* UITableViewCell+FlatUI.m */,
				9B3D7222198FC77D001D45FC /* UIToolbar+FlatUI.h */,
				9B3D7223198FC77D001D45FC /* UIToolbar+FlatUI.m */,
			);
			path = FlatUI;
			sourceTree = "<group>";
		};
		9B3D723B198FCB84001D45FC /* FlatUI */ = {
			isa = PBXGroup;
			children = (
				9B3D723C198FCB84001D45FC /* FlatUIKit.h */,
				9B3D723D198FCB84001D45FC /* FUIAlertView.h */,
				9B3D723E198FCB84001D45FC /* FUIAlertView.m */,
				9B3D723F198FCB84001D45FC /* FUIButton.h */,
				9B3D7240198FCB84001D45FC /* FUIButton.m */,
				9B3D7241198FCB84001D45FC /* FUICellBackgroundView.h */,
				9B3D7242198FCB84001D45FC /* FUICellBackgroundView.m */,
				9B3D7243198FCB84001D45FC /* FUIPopoverBackgroundView.h */,
				9B3D7244198FCB84001D45FC /* FUIPopoverBackgroundView.m */,
				9B3D7245198FCB84001D45FC /* FUISegmentedControl.h */,
				9B3D7246198FCB84001D45FC /* FUISegmentedControl.m */,
				9B3D7247198FCB84001D45FC /* FUISwitch.h */,
				9B3D7248198FCB84001D45FC /* FUISwitch.m */,
				9B3D7249198FCB84001D45FC /* FUITextField.h */,
				9B3D724A198FCB84001D45FC /* FUITextField.m */,
				9B3D724B198FCB84001D45FC /* Lato-Bold.ttf */,
				9B3D724C198FCB84001D45FC /* Lato-Italic.ttf */,
				9B3D724D198FCB84001D45FC /* Lato-Light.ttf */,
				9B3D724E198FCB84001D45FC /* Lato-Regular.ttf */,
				9B3D724F198FCB84001D45FC /* UIBarButtonItem+FlatUI.h */,
				9B3D7250198FCB84001D45FC /* UIBarButtonItem+FlatUI.m */,
				9B3D7251198FCB84001D45FC /* UIColor+FlatUI.h */,
				9B3D7252198FCB84001D45FC /* UIColor+FlatUI.m */,
				9B3D7253198FCB84001D45FC /* UIFont+FlatUI.h */,
				9B3D7254198FCB84001D45FC /* UIFont+FlatUI.m */,
				9B3D7255198FCB84001D45FC /* UIImage+FlatUI.h */,
				9B3D7256198FCB84001D45FC /* UIImage+FlatUI.m */,
				9B3D7257198FCB84001D45FC /* UINavigationBar+FlatUI.h */,
				9B3D7258198FCB84001D45FC /* UINavigationBar+FlatUI.m */,
				9B3D7259198FCB84001D45FC /* UIPopoverController+FlatUI.h */,
				9B3D725A198FCB84001D45FC /* UIPopoverController+FlatUI.m */,
				9B3D725B198FCB85001D45FC /* UIProgressView+FlatUI.h */,
				9B3D725C198FCB85001D45FC /* UIProgressView+FlatUI.m */,
				9B3D725D198FCB85001D45FC /* UISlider+FlatUI.h */,
				9B3D725E198FCB85001D45FC /* UISlider+FlatUI.m */,
				9B3D725F198FCB85001D45FC /* UIStepper+FlatUI.h */,
				9B3D7260198FCB85001D45FC /* UIStepper+FlatUI.m */,
				9B3D7261198FCB85001D45FC /* UITabBar+FlatUI.h */,
				9B3D7262198FCB85001D45FC /* UITabBar+FlatUI.m */,
				9B3D7263198FCB85001D45FC /* UITableViewCell+FlatUI.h */,
				9B3D7264198FCB85001D45FC /* UITableViewCell+FlatUI.m */,
				9B3D7265198FCB85001D45FC /* UIToolbar+FlatUI.h */,
				9B3D7266198FCB85001D45FC /* UIToolbar+FlatUI.m */,
			);
			name = FlatUI;
			path = TEST_CubesGame/FlatUI;
			sourceTree = "<group>";
		};
		9BCEDD62198BCABB005FDE5C = {
			isa = PBXGroup;
			children = (
				9BCEDDA9198BCEFE005FDE5C /* splash */,
				9BCEDDA2198BCCBA005FDE5C /* icons */,
				9BCEDD74198BCABB005FDE5C /* TEST_CubesGame */,
				9BCEDD8D198BCABB005FDE5C /* TEST_CubesGameTests */,
				9BCEDD6D198BCABB005FDE5C /* Frameworks */,
				9BCEDD6C198BCABB005FDE5C /* Products */,
			);
			sourceTree = "<group>";
		};
		9BCEDD6C198BCABB005FDE5C /* Products */ = {
			isa = PBXGroup;
			children = (
				9BCEDD6B198BCABB005FDE5C /* TEST_CubesGame.app */,
				9BCEDD86198BCABB005FDE5C /* TEST_CubesGameTests.xctest */,
			);
			name = Products;
			sourceTree = "<group>";
		};
		9BCEDD6D198BCABB005FDE5C /* Frameworks */ = {
			isa = PBXGroup;
			children = (
				9B3D723B198FCB84001D45FC /* FlatUI */,
				9BCEDD6E198BCABB005FDE5C /* Foundation.framework */,
				9BCEDD70198BCABB005FDE5C /* CoreGraphics.framework */,
				9BCEDD72198BCABB005FDE5C /* UIKit.framework */,
				9BCEDD87198BCABB005FDE5C /* XCTest.framework */,
			);
			name = Frameworks;
			sourceTree = "<group>";
		};
		9BCEDD74198BCABB005FDE5C /* TEST_CubesGame */ = {
			isa = PBXGroup;
			children = (
				9B3D71F8198FC77D001D45FC /* FlatUI */,
				9BCEDD7D198BCABB005FDE5C /* AppDelegate.h */,
				9BCEDD7E198BCABB005FDE5C /* AppDelegate.m */,
				9BCEDDB5198BD43E005FDE5C /* GameViewController.h */,
				9BCEDDB6198BD43E005FDE5C /* GameViewController.m */,
				9BCEDDB0198BD430005FDE5C /* LevelViewController.h */,
				9BCEDDB1198BD430005FDE5C /* LevelViewController.m */,
				9BCEDDBA198BDA0B005FDE5C /* LevelNumberView.h */,
				9BCEDDBB198BDA0B005FDE5C /* LevelNumberView.m */,
				9B6CEFE2198E942D004BC1E8 /* LevelNumberView.xib */,
				9BCEDD9D198BCAE6005FDE5C /* MainViewController.h */,
				9BCEDD9E198BCAE6005FDE5C /* MainViewController.m */,
				9B9D1C7A19926E0B00D9AA35 /* GameDatas.h */,
				9B9D1C7B19926E0B00D9AA35 /* GameDatas.m */,
				9B43C7DE19991BF60088A8E5 /* GameDisplayItem.h */,
				9B43C7DF19991BF60088A8E5 /* GameDisplayItem.m */,
				9B43C7E1199A140D0088A8E5 /* GameDisplaySquare.h */,
				9B43C7E2199A140D0088A8E5 /* GameDisplaySquare.m */,
				9B43C7E4199A141C0088A8E5 /* GameDisplayArrow.h */,
				9B43C7E5199A141C0088A8E5 /* GameDisplayArrow.m */,
				9B43C7E7199A142A0088A8E5 /* GameDisplayDot.h */,
				9B43C7E8199A142A0088A8E5 /* GameDisplayDot.m */,
				9BCEDD80198BCABB005FDE5C /* Images.xcassets */,
				9BCEDD75198BCABB005FDE5C /* Supporting Files */,
			);
			path = TEST_CubesGame;
			sourceTree = "<group>";
		};
		9BCEDD75198BCABB005FDE5C /* Supporting Files */ = {
			isa = PBXGroup;
			children = (
				9BCEDD76198BCABB005FDE5C /* TEST_CubesGame-Info.plist */,
				9BCEDD77198BCABB005FDE5C /* InfoPlist.strings */,
				9BCEDDBD198BDF4F005FDE5C /* levels.plist */,
				9BCEDD7A198BCABB005FDE5C /* main.m */,
				9BCEDD7C198BCABB005FDE5C /* TEST_CubesGame-Prefix.pch */,
			);
			name = "Supporting Files";
			sourceTree = "<group>";
		};
		9BCEDD8D198BCABB005FDE5C /* TEST_CubesGameTests */ = {
			isa = PBXGroup;
			children = (
				9BCEDD93198BCABB005FDE5C /* TEST_CubesGameTests.m */,
				9BCEDD8E198BCABB005FDE5C /* Supporting Files */,
			);
			path = TEST_CubesGameTests;
			sourceTree = "<group>";
		};
		9BCEDD8E198BCABB005FDE5C /* Supporting Files */ = {
			isa = PBXGroup;
			children = (
				9BCEDD8F198BCABB005FDE5C /* TEST_CubesGameTests-Info.plist */,
				9BCEDD90198BCABB005FDE5C /* InfoPlist.strings */,
			);
			name = "Supporting Files";
			sourceTree = "<group>";
		};
		9BCEDDA2198BCCBA005FDE5C /* icons */ = {
			isa = PBXGroup;
			children = (
				9BCEDDA3198BCCBA005FDE5C /* icon114.png */,
				9BCEDDA4198BCCBA005FDE5C /* icon120.png */,
				9BCEDDA5198BCCBA005FDE5C /* icon57.png */,
			);
			name = icons;
			path = TEST_CubesGame/icons;
			sourceTree = "<group>";
		};
		9BCEDDA9198BCEFE005FDE5C /* splash */ = {
			isa = PBXGroup;
			children = (
				9BCEDDAA198BCEFE005FDE5C /* Default.png */,
				9BCEDDAB198BCEFE005FDE5C /* Default-568h@2x.png */,
				9BCEDDAC198BCEFE005FDE5C /* Default~iphone.png */,
			);
			name = splash;
			path = TEST_CubesGame/splash;
			sourceTree = "<group>";
		};
/* End PBXGroup section */

/* Begin PBXNativeTarget section */
		9BCEDD6A198BCABB005FDE5C /* TEST_CubesGame */ = {
			isa = PBXNativeTarget;
			buildConfigurationList = 9BCEDD97198BCABB005FDE5C /* Build configuration list for PBXNativeTarget "TEST_CubesGame" */;
			buildPhases = (
				9BCEDD67198BCABB005FDE5C /* Sources */,
				9BCEDD68198BCABB005FDE5C /* Frameworks */,
				9BCEDD69198BCABB005FDE5C /* Resources */,
			);
			buildRules = (
			);
			dependencies = (
			);
			name = TEST_CubesGame;
			productName = TEST_CubesGame;
			productReference = 9BCEDD6B198BCABB005FDE5C /* TEST_CubesGame.app */;
			productType = "com.apple.product-type.application";
		};
		9BCEDD85198BCABB005FDE5C /* TEST_CubesGameTests */ = {
			isa = PBXNativeTarget;
			buildConfigurationList = 9BCEDD9A198BCABB005FDE5C /* Build configuration list for PBXNativeTarget "TEST_CubesGameTests" */;
			buildPhases = (
				9BCEDD82198BCABB005FDE5C /* Sources */,
				9BCEDD83198BCABB005FDE5C /* Frameworks */,
				9BCEDD84198BCABB005FDE5C /* Resources */,
			);
			buildRules = (
			);
			dependencies = (
				9BCEDD8C198BCABB005FDE5C /* PBXTargetDependency */,
			);
			name = TEST_CubesGameTests;
			productName = TEST_CubesGameTests;
			productReference = 9BCEDD86198BCABB005FDE5C /* TEST_CubesGameTests.xctest */;
			productType = "com.apple.product-type.bundle.unit-test";
		};
/* End PBXNativeTarget section */

/* Begin PBXProject section */
		9BCEDD63198BCABB005FDE5C /* Project object */ = {
			isa = PBXProject;
			attributes = {
				LastUpgradeCheck = 0510;
				ORGANIZATIONNAME = AbsolutRenal;
				TargetAttributes = {
					9BCEDD85198BCABB005FDE5C = {
						TestTargetID = 9BCEDD6A198BCABB005FDE5C;
					};
				};
			};
			buildConfigurationList = 9BCEDD66198BCABB005FDE5C /* Build configuration list for PBXProject "TEST_CubesGame" */;
			compatibilityVersion = "Xcode 3.2";
			developmentRegion = English;
			hasScannedForEncodings = 0;
			knownRegions = (
				en,
			);
			mainGroup = 9BCEDD62198BCABB005FDE5C;
			productRefGroup = 9BCEDD6C198BCABB005FDE5C /* Products */;
			projectDirPath = "";
			projectRoot = "";
			targets = (
				9BCEDD6A198BCABB005FDE5C /* TEST_CubesGame */,
				9BCEDD85198BCABB005FDE5C /* TEST_CubesGameTests */,
			);
		};
/* End PBXProject section */

/* Begin PBXResourcesBuildPhase section */
		9BCEDD69198BCABB005FDE5C /* Resources */ = {
			isa = PBXResourcesBuildPhase;
			buildActionMask = 2147483647;
			files = (
				9B3D722D198FC77D001D45FC /* Lato-Light.ttf in Resources */,
				9B6CEFE3198E942D004BC1E8 /* LevelNumberView.xib in Resources */,
				9BCEDD79198BCABB005FDE5C /* InfoPlist.strings in Resources */,
				9BCEDDAD198BCEFE005FDE5C /* Default.png in Resources */,
				9BCEDDA7198BCCBA005FDE5C /* icon120.png in Resources */,
				9BCEDDA6198BCCBA005FDE5C /* icon114.png in Resources */,
				9B3D722B198FC77D001D45FC /* Lato-Bold.ttf in Resources */,
				9B3D722C198FC77D001D45FC /* Lato-Italic.ttf in Resources */,
				9BCEDDAF198BCEFE005FDE5C /* Default~iphone.png in Resources */,
				9B3D722E198FC77D001D45FC /* Lato-Regular.ttf in Resources */,
				9BCEDDAE198BCEFE005FDE5C /* Default-568h@2x.png in Resources */,
				9BCEDDBE198BDF4F005FDE5C /* levels.plist in Resources */,
				9BCEDDA8198BCCBA005FDE5C /* icon57.png in Resources */,
				9BCEDD81198BCABB005FDE5C /* Images.xcassets in Resources */,
			);
			runOnlyForDeploymentPostprocessing = 0;
		};
		9BCEDD84198BCABB005FDE5C /* Resources */ = {
			isa = PBXResourcesBuildPhase;
			buildActionMask = 2147483647;
			files = (
				9BCEDD92198BCABB005FDE5C /* InfoPlist.strings in Resources */,
			);
			runOnlyForDeploymentPostprocessing = 0;
		};
/* End PBXResourcesBuildPhase section */

/* Begin PBXSourcesBuildPhase section */
		9BCEDD67198BCABB005FDE5C /* Sources */ = {
			isa = PBXSourcesBuildPhase;
			buildActionMask = 2147483647;
			files = (
				9B3D7226198FC77D001D45FC /* FUICellBackgroundView.m in Sources */,
				9B3D7224198FC77D001D45FC /* FUIAlertView.m in Sources */,
				9B43C7E6199A141C0088A8E5 /* GameDisplayArrow.m in Sources */,
				9BCEDDB8198BD43E005FDE5C /* GameViewController.m in Sources */,
				9B3D722F198FC77D001D45FC /* UIBarButtonItem+FlatUI.m in Sources */,
				9B3D722A198FC77D001D45FC /* FUITextField.m in Sources */,
				9B3D7230198FC77D001D45FC /* UIColor+FlatUI.m in Sources */,
				9B3D723A198FC77D001D45FC /* UIToolbar+FlatUI.m in Sources */,
				9BCEDD7F198BCABB005FDE5C /* AppDelegate.m in Sources */,
				9BCEDDA0198BCAE6005FDE5C /* MainViewController.m in Sources */,
				9B3D7228198FC77D001D45FC /* FUISegmentedControl.m in Sources */,
				9BCEDD7B198BCABB005FDE5C /* main.m in Sources */,
				9B9D1C7C19926E0B00D9AA35 /* GameDatas.m in Sources */,
				9B3D7236198FC77D001D45FC /* UISlider+FlatUI.m in Sources */,
				9B43C7E9199A142A0088A8E5 /* GameDisplayDot.m in Sources */,
				9BCEDDBC198BDA0B005FDE5C /* LevelNumberView.m in Sources */,
				9B3D7239198FC77D001D45FC /* UITableViewCell+FlatUI.m in Sources */,
				9B3D7238198FC77D001D45FC /* UITabBar+FlatUI.m in Sources */,
				9B3D7232198FC77D001D45FC /* UIImage+FlatUI.m in Sources */,
				9B3D7235198FC77D001D45FC /* UIProgressView+FlatUI.m in Sources */,
				9B43C7E019991BF60088A8E5 /* GameDisplayItem.m in Sources */,
				9B43C7E3199A140D0088A8E5 /* GameDisplaySquare.m in Sources */,
				9B3D7237198FC77D001D45FC /* UIStepper+FlatUI.m in Sources */,
				9B3D7229198FC77D001D45FC /* FUISwitch.m in Sources */,
				9B3D7234198FC77D001D45FC /* UIPopoverController+FlatUI.m in Sources */,
				9B3D7227198FC77D001D45FC /* FUIPopoverBackgroundView.m in Sources */,
				9B3D7233198FC77D001D45FC /* UINavigationBar+FlatUI.m in Sources */,
				9B3D7225198FC77D001D45FC /* FUIButton.m in Sources */,
				9BCEDDB3198BD430005FDE5C /* LevelViewController.m in Sources */,
				9B3D7231198FC77D001D45FC /* UIFont+FlatUI.m in Sources */,
			);
			runOnlyForDeploymentPostprocessing = 0;
		};
		9BCEDD82198BCABB005FDE5C /* Sources */ = {
			isa = PBXSourcesBuildPhase;
			buildActionMask = 2147483647;
			files = (
				9BCEDD94198BCABB005FDE5C /* TEST_CubesGameTests.m in Sources */,
			);
			runOnlyForDeploymentPostprocessing = 0;
		};
/* End PBXSourcesBuildPhase section */

/* Begin PBXTargetDependency section */
		9BCEDD8C198BCABB005FDE5C /* PBXTargetDependency */ = {
			isa = PBXTargetDependency;
			target = 9BCEDD6A198BCABB005FDE5C /* TEST_CubesGame */;
			targetProxy = 9BCEDD8B198BCABB005FDE5C /* PBXContainerItemProxy */;
		};
/* End PBXTargetDependency section */

/* Begin PBXVariantGroup section */
		9BCEDD77198BCABB005FDE5C /* InfoPlist.strings */ = {
			isa = PBXVariantGroup;
			children = (
				9BCEDD78198BCABB005FDE5C /* en */,
			);
			name = InfoPlist.strings;
			sourceTree = "<group>";
		};
		9BCEDD90198BCABB005FDE5C /* InfoPlist.strings */ = {
			isa = PBXVariantGroup;
			children = (
				9BCEDD91198BCABB005FDE5C /* en */,
			);
			name = InfoPlist.strings;
			sourceTree = "<group>";
		};
/* End PBXVariantGroup section */

/* Begin XCBuildConfiguration section */
		9BCEDD95198BCABB005FDE5C /* Debug */ = {
			isa = XCBuildConfiguration;
			buildSettings = {
				ALWAYS_SEARCH_USER_PATHS = NO;
				CLANG_CXX_LANGUAGE_STANDARD = "gnu++0x";
				CLANG_CXX_LIBRARY = "libc++";
				CLANG_ENABLE_MODULES = YES;
				CLANG_ENABLE_OBJC_ARC = YES;
				CLANG_WARN_BOOL_CONVERSION = YES;
				CLANG_WARN_CONSTANT_CONVERSION = YES;
				CLANG_WARN_DIRECT_OBJC_ISA_USAGE = YES_ERROR;
				CLANG_WARN_EMPTY_BODY = YES;
				CLANG_WARN_ENUM_CONVERSION = YES;
				CLANG_WARN_INT_CONVERSION = YES;
				CLANG_WARN_OBJC_ROOT_CLASS = YES_ERROR;
				CLANG_WARN__DUPLICATE_METHOD_MATCH = YES;
				"CODE_SIGN_IDENTITY[sdk=iphoneos*]" = "iPhone Developer";
				COPY_PHASE_STRIP = NO;
				GCC_C_LANGUAGE_STANDARD = gnu99;
				GCC_DYNAMIC_NO_PIC = NO;
				GCC_OPTIMIZATION_LEVEL = 0;
				GCC_PREPROCESSOR_DEFINITIONS = (
					"DEBUG=1",
					"$(inherited)",
				);
				GCC_SYMBOLS_PRIVATE_EXTERN = NO;
				GCC_WARN_64_TO_32_BIT_CONVERSION = YES;
				GCC_WARN_ABOUT_RETURN_TYPE = YES_ERROR;
				GCC_WARN_UNDECLARED_SELECTOR = YES;
				GCC_WARN_UNINITIALIZED_AUTOS = YES_AGGRESSIVE;
				GCC_WARN_UNUSED_FUNCTION = YES;
				GCC_WARN_UNUSED_VARIABLE = YES;
				IPHONEOS_DEPLOYMENT_TARGET = 7.1;
				ONLY_ACTIVE_ARCH = YES;
				SDKROOT = iphoneos;
			};
			name = Debug;
		};
		9BCEDD96198BCABB005FDE5C /* Release */ = {
			isa = XCBuildConfiguration;
			buildSettings = {
				ALWAYS_SEARCH_USER_PATHS = NO;
				CLANG_CXX_LANGUAGE_STANDARD = "gnu++0x";
				CLANG_CXX_LIBRARY = "libc++";
				CLANG_ENABLE_MODULES = YES;
				CLANG_ENABLE_OBJC_ARC = YES;
				CLANG_WARN_BOOL_CONVERSION = YES;
				CLANG_WARN_CONSTANT_CONVERSION = YES;
				CLANG_WARN_DIRECT_OBJC_ISA_USAGE = YES_ERROR;
				CLANG_WARN_EMPTY_BODY = YES;
				CLANG_WARN_ENUM_CONVERSION = YES;
				CLANG_WARN_INT_CONVERSION = YES;
				CLANG_WARN_OBJC_ROOT_CLASS = YES_ERROR;
				CLANG_WARN__DUPLICATE_METHOD_MATCH = YES;
				"CODE_SIGN_IDENTITY[sdk=iphoneos*]" = "iPhone Developer";
				COPY_PHASE_STRIP = YES;
				ENABLE_NS_ASSERTIONS = NO;
				GCC_C_LANGUAGE_STANDARD = gnu99;
				GCC_WARN_64_TO_32_BIT_CONVERSION = YES;
				GCC_WARN_ABOUT_RETURN_TYPE = YES_ERROR;
				GCC_WARN_UNDECLARED_SELECTOR = YES;
				GCC_WARN_UNINITIALIZED_AUTOS = YES_AGGRESSIVE;
				GCC_WARN_UNUSED_FUNCTION = YES;
				GCC_WARN_UNUSED_VARIABLE = YES;
				IPHONEOS_DEPLOYMENT_TARGET = 7.1;
				SDKROOT = iphoneos;
				VALIDATE_PRODUCT = YES;
			};
			name = Release;
		};
		9BCEDD98198BCABB005FDE5C /* Debug */ = {
			isa = XCBuildConfiguration;
			buildSettings = {
				GCC_PRECOMPILE_PREFIX_HEADER = YES;
				GCC_PREFIX_HEADER = "TEST_CubesGame/TEST_CubesGame-Prefix.pch";
				INFOPLIST_FILE = "TEST_CubesGame/TEST_CubesGame-Info.plist";
				IPHONEOS_DEPLOYMENT_TARGET = 6.0;
				PRODUCT_NAME = "$(TARGET_NAME)";
				WRAPPER_EXTENSION = app;
			};
			name = Debug;
		};
		9BCEDD99198BCABB005FDE5C /* Release */ = {
			isa = XCBuildConfiguration;
			buildSettings = {
				GCC_PRECOMPILE_PREFIX_HEADER = YES;
				GCC_PREFIX_HEADER = "TEST_CubesGame/TEST_CubesGame-Prefix.pch";
				INFOPLIST_FILE = "TEST_CubesGame/TEST_CubesGame-Info.plist";
				IPHONEOS_DEPLOYMENT_TARGET = 6.0;
				PRODUCT_NAME = "$(TARGET_NAME)";
				WRAPPER_EXTENSION = app;
			};
			name = Release;
		};
		9BCEDD9B198BCABB005FDE5C /* Debug */ = {
			isa = XCBuildConfiguration;
			buildSettings = {
				BUNDLE_LOADER = "$(BUILT_PRODUCTS_DIR)/TEST_CubesGame.app/TEST_CubesGame";
				FRAMEWORK_SEARCH_PATHS = (
					"$(SDKROOT)/Developer/Library/Frameworks",
					"$(inherited)",
					"$(DEVELOPER_FRAMEWORKS_DIR)",
				);
				GCC_PRECOMPILE_PREFIX_HEADER = YES;
				GCC_PREFIX_HEADER = "TEST_CubesGame/TEST_CubesGame-Prefix.pch";
				GCC_PREPROCESSOR_DEFINITIONS = (
					"DEBUG=1",
					"$(inherited)",
				);
				INFOPLIST_FILE = "TEST_CubesGameTests/TEST_CubesGameTests-Info.plist";
				PRODUCT_NAME = "$(TARGET_NAME)";
				TEST_HOST = "$(BUNDLE_LOADER)";
				WRAPPER_EXTENSION = xctest;
			};
			name = Debug;
		};
		9BCEDD9C198BCABB005FDE5C /* Release */ = {
			isa = XCBuildConfiguration;
			buildSettings = {
				BUNDLE_LOADER = "$(BUILT_PRODUCTS_DIR)/TEST_CubesGame.app/TEST_CubesGame";
				FRAMEWORK_SEARCH_PATHS = (
					"$(SDKROOT)/Developer/Library/Frameworks",
					"$(inherited)",
					"$(DEVELOPER_FRAMEWORKS_DIR)",
				);
				GCC_PRECOMPILE_PREFIX_HEADER = YES;
				GCC_PREFIX_HEADER = "TEST_CubesGame/TEST_CubesGame-Prefix.pch";
				INFOPLIST_FILE = "TEST_CubesGameTests/TEST_CubesGameTests-Info.plist";
				PRODUCT_NAME = "$(TARGET_NAME)";
				TEST_HOST = "$(BUNDLE_LOADER)";
				WRAPPER_EXTENSION = xctest;
			};
			name = Release;
		};
/* End XCBuildConfiguration section */

/* Begin XCConfigurationList section */
		9BCEDD66198BCABB005FDE5C /* Build configuration list for PBXProject "TEST_CubesGame" */ = {
			isa = XCConfigurationList;
			buildConfigurations = (
				9BCEDD95198BCABB005FDE5C /* Debug */,
				9BCEDD96198BCABB005FDE5C /* Release */,
			);
			defaultConfigurationIsVisible = 0;
			defaultConfigurationName = Release;
		};
		9BCEDD97198BCABB005FDE5C /* Build configuration list for PBXNativeTarget "TEST_CubesGame" */ = {
			isa = XCConfigurationList;
			buildConfigurations = (
				9BCEDD98198BCABB005FDE5C /* Debug */,
				9BCEDD99198BCABB005FDE5C /* Release */,
			);
			defaultConfigurationIsVisible = 0;
			defaultConfigurationName = Release;
		};
		9BCEDD9A198BCABB005FDE5C /* Build configuration list for PBXNativeTarget "TEST_CubesGameTests" */ = {
			isa = XCConfigurationList;
			buildConfigurations = (
				9BCEDD9B198BCABB005FDE5C /* Debug */,
				9BCEDD9C198BCABB005FDE5C /* Release */,
			);
			defaultConfigurationIsVisible = 0;
			defaultConfigurationName = Release;
		};
/* End XCConfigurationList section */
	};
	rootObject = 9BCEDD63198BCABB005FDE5C /* Project object */;
}
